
Microsoft Visual Studio Solution File, Format Version 12.00
# Visual Studio 14
VisualStudioVersion = 14.0.25420.1
MinimumVisualStudioVersion = 10.0.40219.1
Project("{FAE04EC0-301F-11D3-BF4B-00C04F79EFBC}") = "AnimalCheckup.WebAPI", "AnimalCheckup.WebAPI\AnimalCheckup.WebAPI.csproj", "{5E781B0D-302D-4425-A059-267B06B141DD}"
EndProject
Project("{FAE04EC0-301F-11D3-BF4B-00C04F79EFBC}") = "AnimalCheckup.WebAPI.Tests", "AnimalCheckup.WebAPI.Tests\AnimalCheckup.WebAPI.Tests.csproj", "{52B7A47F-3A0B-4493-A7C9-5EEBA9D935DA}"
EndProject
Project("{FAE04EC0-301F-11D3-BF4B-00C04F79EFBC}") = "AnimalCheckup.Repository", "AnimalCheckup.Repository\AnimalCheckup.Repository.csproj", "{97C71BBD-E0D7-4E14-A600-C1D2C4588645}"
EndProject
Project("{FAE04EC0-301F-11D3-BF4B-00C04F79EFBC}") = "AnimalCheckup.Repository.Common", "AnimalCheckup.Repository.Common\AnimalCheckup.Repository.Common.csproj", "{D7B9868E-241D-4443-A1F4-5003F726AFBF}"
EndProject
Project("{FAE04EC0-301F-11D3-BF4B-00C04F79EFBC}") = "AnimalCheckup.Service", "AnimalCheckup.Service\AnimalCheckup.Service.csproj", "{E997C1AB-5A52-4B39-8837-3D8496C3AF75}"
EndProject
Project("{FAE04EC0-301F-11D3-BF4B-00C04F79EFBC}") = "AnimalCheckup.Service.Common", "AnimalCheckup.Service.Common\AnimalCheckup.Service.Common.csproj", "{02D0DCFB-3EDC-4A06-90A1-2A66DF3FD595}"
EndProject
Project("{FAE04EC0-301F-11D3-BF4B-00C04F79EFBC}") = "AnimalCheckup.Model", "AnimalCheckup.Model\AnimalCheckup.Model.csproj", "{8BD27391-FC70-4A4D-89BE-E879CFF20345}"
EndProject
Project("{FAE04EC0-301F-11D3-BF4B-00C04F79EFBC}") = "AnimalCheckup.Model.Common", "AnimalCheckup.Model.Common\AnimalCheckup.Model.Common.csproj", "{05F0250A-0C53-4BDC-A11F-CB1832E73356}"
EndProject
Project("{FAE04EC0-301F-11D3-BF4B-00C04F79EFBC}") = "AnimalCheckup.Common", "AnimalCheckup.Common\AnimalCheckup.Common.csproj", "{1B8B6B6B-2E7A-4D50-B279-A0CAA5871955}"
EndProject
Project("{FAE04EC0-301F-11D3-BF4B-00C04F79EFBC}") = "AnimalCheckup.DAL", "AnimalCheckup.DAL\AnimalCheckup.DAL.csproj", "{861E37BC-5D36-4245-9AA0-3EBCF4654504}"
EndProject
Global
	GlobalSection(SolutionConfigurationPlatforms) = preSolution
		Debug|Any CPU = Debug|Any CPU
		Release|Any CPU = Release|Any CPU
	EndGlobalSection
	GlobalSection(ProjectConfigurationPlatforms) = postSolution
		{5E781B0D-302D-4425-A059-267B06B141DD}.Debug|Any CPU.ActiveCfg = Debug|Any CPU
		{5E781B0D-302D-4425-A059-267B06B141DD}.Debug|Any CPU.Build.0 = Debug|Any CPU
		{5E781B0D-302D-4425-A059-267B06B141DD}.Release|Any CPU.ActiveCfg = Release|Any CPU
		{5E781B0D-302D-4425-A059-267B06B141DD}.Release|Any CPU.Build.0 = Release|Any CPU
		{52B7A47F-3A0B-4493-A7C9-5EEBA9D935DA}.Debug|Any CPU.ActiveCfg = Debug|Any CPU
		{52B7A47F-3A0B-4493-A7C9-5EEBA9D935DA}.Debug|Any CPU.Build.0 = Debug|Any CPU
		{52B7A47F-3A0B-4493-A7C9-5EEBA9D935DA}.Release|Any CPU.ActiveCfg = Release|Any CPU
		{52B7A47F-3A0B-4493-A7C9-5EEBA9D935DA}.Release|Any CPU.Build.0 = Release|Any CPU
		{97C71BBD-E0D7-4E14-A600-C1D2C4588645}.Debug|Any CPU.ActiveCfg = Debug|Any CPU
		{97C71BBD-E0D7-4E14-A600-C1D2C4588645}.Debug|Any CPU.Build.0 = Debug|Any CPU
		{97C71BBD-E0D7-4E14-A600-C1D2C4588645}.Release|Any CPU.ActiveCfg = Release|Any CPU
		{97C71BBD-E0D7-4E14-A600-C1D2C4588645}.Release|Any CPU.Build.0 = Release|Any CPU
		{D7B9868E-241D-4443-A1F4-5003F726AFBF}.Debug|Any CPU.ActiveCfg = Debug|Any CPU
		{D7B9868E-241D-4443-A1F4-5003F726AFBF}.Debug|Any CPU.Build.0 = Debug|Any CPU
		{D7B9868E-241D-4443-A1F4-5003F726AFBF}.Release|Any CPU.ActiveCfg = Release|Any CPU
		{D7B9868E-241D-4443-A1F4-5003F726AFBF}.Release|Any CPU.Build.0 = Release|Any CPU
		{E997C1AB-5A52-4B39-8837-3D8496C3AF75}.Debug|Any CPU.ActiveCfg = Debug|Any CPU
		{E997C1AB-5A52-4B39-8837-3D8496C3AF75}.Debug|Any CPU.Build.0 = Debug|Any CPU
		{E997C1AB-5A52-4B39-8837-3D8496C3AF75}.Release|Any CPU.ActiveCfg = Release|Any CPU
		{E997C1AB-5A52-4B39-8837-3D8496C3AF75}.Release|Any CPU.Build.0 = Release|Any CPU
		{02D0DCFB-3EDC-4A06-90A1-2A66DF3FD595}.Debug|Any CPU.ActiveCfg = Debug|Any CPU
		{02D0DCFB-3EDC-4A06-90A1-2A66DF3FD595}.Debug|Any CPU.Build.0 = Debug|Any CPU
		{02D0DCFB-3EDC-4A06-90A1-2A66DF3FD595}.Release|Any CPU.ActiveCfg = Release|Any CPU
		{02D0DCFB-3EDC-4A06-90A1-2A66DF3FD595}.Release|Any CPU.Build.0 = Release|Any CPU
		{8BD27391-FC70-4A4D-89BE-E879CFF20345}.Debug|Any CPU.ActiveCfg = Debug|Any CPU
		{8BD27391-FC70-4A4D-89BE-E879CFF20345}.Debug|Any CPU.Build.0 = Debug|Any CPU
		{8BD27391-FC70-4A4D-89BE-E879CFF20345}.Release|Any CPU.ActiveCfg = Release|Any CPU
		{8BD27391-FC70-4A4D-89BE-E879CFF20345}.Release|Any CPU.Build.0 = Release|Any CPU
		{05F0250A-0C53-4BDC-A11F-CB1832E73356}.Debug|Any CPU.ActiveCfg = Debug|Any CPU
		{05F0250A-0C53-4BDC-A11F-CB1832E73356}.Debug|Any CPU.Build.0 = Debug|Any CPU
		{05F0250A-0C53-4BDC-A11F-CB1832E73356}.Release|Any CPU.ActiveCfg = Release|Any CPU
		{05F0250A-0C53-4BDC-A11F-CB1832E73356}.Release|Any CPU.Build.0 = Release|Any CPU
		{1B8B6B6B-2E7A-4D50-B279-A0CAA5871955}.Debug|Any CPU.ActiveCfg = Debug|Any CPU
		{1B8B6B6B-2E7A-4D50-B279-A0CAA5871955}.Debug|Any CPU.Build.0 = Debug|Any CPU
		{1B8B6B6B-2E7A-4D50-B279-A0CAA5871955}.Release|Any CPU.ActiveCfg = Release|Any CPU
		{1B8B6B6B-2E7A-4D50-B279-A0CAA5871955}.Release|Any CPU.Build.0 = Release|Any CPU
		{861E37BC-5D36-4245-9AA0-3EBCF4654504}.Debug|Any CPU.ActiveCfg = Debug|Any CPU
		{861E37BC-5D36-4245-9AA0-3EBCF4654504}.Debug|Any CPU.Build.0 = Debug|Any CPU
		{861E37BC-5D36-4245-9AA0-3EBCF4654504}.Release|Any CPU.ActiveCfg = Release|Any CPU
		{861E37BC-5D36-4245-9AA0-3EBCF4654504}.Release|Any CPU.Build.0 = Release|Any CPU
	EndGlobalSection
	GlobalSection(SolutionProperties) = preSolution
		HideSolutionNode = FALSE
	EndGlobalSection
EndGlobal
